// !$*UTF8*$!
{
	archiveVersion = 1;
	classes = {
	};
	objectVersion = 56;
	objects = {

/* Begin PBXBuildFile section */
		143C96052AEEBDAD00284AC5 /* testCIcdApp.swift in Sources */ = {isa = PBXBuildFile; fileRef = 143C96042AEEBDAD00284AC5 /* testCIcdApp.swift */; };
		143C96072AEEBDAD00284AC5 /* ContentView.swift in Sources */ = {isa = PBXBuildFile; fileRef = 143C96062AEEBDAD00284AC5 /* ContentView.swift */; };
		143C96092AEEBDAE00284AC5 /* Assets.xcassets in Resources */ = {isa = PBXBuildFile; fileRef = 143C96082AEEBDAE00284AC5 /* Assets.xcassets */; };
		143C960C2AEEBDAE00284AC5 /* Preview Assets.xcassets in Resources */ = {isa = PBXBuildFile; fileRef = 143C960B2AEEBDAE00284AC5 /* Preview Assets.xcassets */; };
		143C96262AEEC1BA00284AC5 /* testCIcdTests.swift in Sources */ = {isa = PBXBuildFile; fileRef = 143C96252AEEC1BA00284AC5 /* testCIcdTests.swift */; };
/* End PBXBuildFile section */

/* Begin PBXContainerItemProxy section */
		143C96272AEEC1BA00284AC5 /* PBXContainerItemProxy */ = {
			isa = PBXContainerItemProxy;
			containerPortal = 143C95F92AEEBDAD00284AC5 /* Project object */;
			proxyType = 1;
			remoteGlobalIDString = 143C96002AEEBDAD00284AC5;
			remoteInfo = testCIcd;
		};
/* End PBXContainerItemProxy section */

/* Begin PBXFileReference section */
		143C96012AEEBDAD00284AC5 /* testCIcd.app */ = {isa = PBXFileReference; explicitFileType = wrapper.application; includeInIndex = 0; path = testCIcd.app; sourceTree = BUILT_PRODUCTS_DIR; };
		143C96042AEEBDAD00284AC5 /* testCIcdApp.swift */ = {isa = PBXFileReference; lastKnownFileType = sourcecode.swift; path = testCIcdApp.swift; sourceTree = "<group>"; };
		143C96062AEEBDAD00284AC5 /* ContentView.swift */ = {isa = PBXFileReference; lastKnownFileType = sourcecode.swift; path = ContentView.swift; sourceTree = "<group>"; };
		143C96082AEEBDAE00284AC5 /* Assets.xcassets */ = {isa = PBXFileReference; lastKnownFileType = folder.assetcatalog; path = Assets.xcassets; sourceTree = "<group>"; };
		143C960B2AEEBDAE00284AC5 /* Preview Assets.xcassets */ = {isa = PBXFileReference; lastKnownFileType = folder.assetcatalog; path = "Preview Assets.xcassets"; sourceTree = "<group>"; };
		143C96232AEEC1BA00284AC5 /* testCIcdTests.xctest */ = {isa = PBXFileReference; explicitFileType = wrapper.cfbundle; includeInIndex = 0; path = testCIcdTests.xctest; sourceTree = BUILT_PRODUCTS_DIR; };
		143C96252AEEC1BA00284AC5 /* testCIcdTests.swift */ = {isa = PBXFileReference; lastKnownFileType = sourcecode.swift; path = testCIcdTests.swift; sourceTree = "<group>"; };
/* End PBXFileReference section */

/* Begin PBXFrameworksBuildPhase section */
		143C95FE2AEEBDAD00284AC5 /* Frameworks */ = {
			isa = PBXFrameworksBuildPhase;
			buildActionMask = 2147483647;
			files = (
			);
			runOnlyForDeploymentPostprocessing = 0;
		};
		143C96202AEEC1BA00284AC5 /* Frameworks */ = {
			isa = PBXFrameworksBuildPhase;
			buildActionMask = 2147483647;
			files = (
			);
			runOnlyForDeploymentPostprocessing = 0;
		};
/* End PBXFrameworksBuildPhase section */

/* Begin PBXGroup section */
		143C95F82AEEBDAD00284AC5 = {
			isa = PBXGroup;
			children = (
				143C96032AEEBDAD00284AC5 /* testCIcd */,
				143C96242AEEC1BA00284AC5 /* testCIcdTests */,
				143C96022AEEBDAD00284AC5 /* Products */,
			);
			sourceTree = "<group>";
		};
		143C96022AEEBDAD00284AC5 /* Products */ = {
			isa = PBXGroup;
			children = (
				143C96012AEEBDAD00284AC5 /* testCIcd.app */,
				143C96232AEEC1BA00284AC5 /* testCIcdTests.xctest */,
			);
			name = Products;
			sourceTree = "<group>";
		};
		143C96032AEEBDAD00284AC5 /* testCIcd */ = {
			isa = PBXGroup;
			children = (
				143C96042AEEBDAD00284AC5 /* testCIcdApp.swift */,
				143C96062AEEBDAD00284AC5 /* ContentView.swift */,
				143C96082AEEBDAE00284AC5 /* Assets.xcassets */,
				143C960A2AEEBDAE00284AC5 /* Preview Content */,
			);
			path = testCIcd;
			sourceTree = "<group>";
		};
		143C960A2AEEBDAE00284AC5 /* Preview Content */ = {
			isa = PBXGroup;
			children = (
				143C960B2AEEBDAE00284AC5 /* Preview Assets.xcassets */,
			);
			path = "Preview Content";
			sourceTree = "<group>";
		};
		143C96242AEEC1BA00284AC5 /* testCIcdTests */ = {
			isa = PBXGroup;
			children = (
				143C96252AEEC1BA00284AC5 /* testCIcdTests.swift */,
			);
			path = testCIcdTests;
			sourceTree = "<group>";
		};
/* End PBXGroup section */

/* Begin PBXNativeTarget section */
		143C96002AEEBDAD00284AC5 /* testCIcd */ = {
			isa = PBXNativeTarget;
			buildConfigurationList = 143C960F2AEEBDAE00284AC5 /* Build configuration list for PBXNativeTarget "testCIcd" */;
			buildPhases = (
				143C95FD2AEEBDAD00284AC5 /* Sources */,
				143C95FE2AEEBDAD00284AC5 /* Frameworks */,
				143C95FF2AEEBDAD00284AC5 /* Resources */,
			);
			buildRules = (
			);
			dependencies = (
			);
			name = testCIcd;
			productName = testCIcd;
			productReference = 143C96012AEEBDAD00284AC5 /* testCIcd.app */;
			productType = "com.apple.product-type.application";
		};
		143C96222AEEC1BA00284AC5 /* testCIcdTests */ = {
			isa = PBXNativeTarget;
			buildConfigurationList = 143C962B2AEEC1BA00284AC5 /* Build configuration list for PBXNativeTarget "testCIcdTests" */;
			buildPhases = (
				143C961F2AEEC1BA00284AC5 /* Sources */,
				143C96202AEEC1BA00284AC5 /* Frameworks */,
				143C96212AEEC1BA00284AC5 /* Resources */,
			);
			buildRules = (
			);
			dependencies = (
				143C96282AEEC1BA00284AC5 /* PBXTargetDependency */,
			);
			name = testCIcdTests;
			productName = testCIcdTests;
			productReference = 143C96232AEEC1BA00284AC5 /* testCIcdTests.xctest */;
			productType = "com.apple.product-type.bundle.unit-test";
		};
/* End PBXNativeTarget section */

/* Begin PBXProject section */
		143C95F92AEEBDAD00284AC5 /* Project object */ = {
			isa = PBXProject;
			attributes = {
				BuildIndependentTargetsInParallel = 1;
				LastSwiftUpdateCheck = 1500;
				LastUpgradeCheck = 1500;
				TargetAttributes = {
					143C96002AEEBDAD00284AC5 = {
						CreatedOnToolsVersion = 15.0;
					};
					143C96222AEEC1BA00284AC5 = {
						CreatedOnToolsVersion = 15.0;
						TestTargetID = 143C96002AEEBDAD00284AC5;
					};
				};
			};
			buildConfigurationList = 143C95FC2AEEBDAD00284AC5 /* Build configuration list for PBXProject "testCIcd" */;
			compatibilityVersion = "Xcode 14.0";
			developmentRegion = en;
			hasScannedForEncodings = 0;
			knownRegions = (
				en,
				Base,
			);
			mainGroup = 143C95F82AEEBDAD00284AC5;
			productRefGroup = 143C96022AEEBDAD00284AC5 /* Products */;
			projectDirPath = "";
			projectRoot = "";
			targets = (
				143C96002AEEBDAD00284AC5 /* testCIcd */,
				143C96222AEEC1BA00284AC5 /* testCIcdTests */,
			);
		};
/* End PBXProject section */

/* Begin PBXResourcesBuildPhase section */
		143C95FF2AEEBDAD00284AC5 /* Resources */ = {
			isa = PBXResourcesBuildPhase;
			buildActionMask = 2147483647;
			files = (
				143C960C2AEEBDAE00284AC5 /* Preview Assets.xcassets in Resources */,
				143C96092AEEBDAE00284AC5 /* Assets.xcassets in Resources */,
			);
			runOnlyForDeploymentPostprocessing = 0;
		};
		143C96212AEEC1BA00284AC5 /* Resources */ = {
			isa = PBXResourcesBuildPhase;
			buildActionMask = 2147483647;
			files = (
			);
			runOnlyForDeploymentPostprocessing = 0;
		};
/* End PBXResourcesBuildPhase section */

/* Begin PBXSourcesBuildPhase section */
		143C95FD2AEEBDAD00284AC5 /* Sources */ = {
			isa = PBXSourcesBuildPhase;
			buildActionMask = 2147483647;
			files = (
				143C96072AEEBDAD00284AC5 /* ContentView.swift in Sources */,
				143C96052AEEBDAD00284AC5 /* testCIcdApp.swift in Sources */,
			);
			runOnlyForDeploymentPostprocessing = 0;
		};
		143C961F2AEEC1BA00284AC5 /* Sources */ = {
			isa = PBXSourcesBuildPhase;
			buildActionMask = 2147483647;
			files = (
				143C96262AEEC1BA00284AC5 /* testCIcdTests.swift in Sources */,
			);
			runOnlyForDeploymentPostprocessing = 0;
		};
/* End PBXSourcesBuildPhase section */

/* Begin PBXTargetDependency section */
		143C96282AEEC1BA00284AC5 /* PBXTargetDependency */ = {
			isa = PBXTargetDependency;
			target = 143C96002AEEBDAD00284AC5 /* testCIcd */;
			targetProxy = 143C96272AEEC1BA00284AC5 /* PBXContainerItemProxy */;
		};
/* End PBXTargetDependency section */

/* Begin XCBuildConfiguration section */
		143C960D2AEEBDAE00284AC5 /* Debug */ = {
			isa = XCBuildConfiguration;
			buildSettings = {
				ALWAYS_SEARCH_USER_PATHS = NO;
				ASSETCATALOG_COMPILER_GENERATE_SWIFT_ASSET_SYMBOL_EXTENSIONS = YES;
				CLANG_ANALYZER_NONNULL = YES;
				CLANG_ANALYZER_NUMBER_OBJECT_CONVERSION = YES_AGGRESSIVE;
				CLANG_CXX_LANGUAGE_STANDARD = "gnu++20";
				CLANG_ENABLE_MODULES = YES;
				CLANG_ENABLE_OBJC_ARC = YES;
				CLANG_ENABLE_OBJC_WEAK = YES;
				CLANG_WARN_BLOCK_CAPTURE_AUTORELEASING = YES;
				CLANG_WARN_BOOL_CONVERSION = YES;
				CLANG_WARN_COMMA = YES;
				CLANG_WARN_CONSTANT_CONVERSION = YES;
				CLANG_WARN_DEPRECATED_OBJC_IMPLEMENTATIONS = YES;
				CLANG_WARN_DIRECT_OBJC_ISA_USAGE = YES_ERROR;
				CLANG_WARN_DOCUMENTATION_COMMENTS = YES;
				CLANG_WARN_EMPTY_BODY = YES;
				CLANG_WARN_ENUM_CONVERSION = YES;
				CLANG_WARN_INFINITE_RECURSION = YES;
				CLANG_WARN_INT_CONVERSION = YES;
				CLANG_WARN_NON_LITERAL_NULL_CONVERSION = YES;
				CLANG_WARN_OBJC_IMPLICIT_RETAIN_SELF = YES;
				CLANG_WARN_OBJC_LITERAL_CONVERSION = YES;
				CLANG_WARN_OBJC_ROOT_CLASS = YES_ERROR;
				CLANG_WARN_QUOTED_INCLUDE_IN_FRAMEWORK_HEADER = YES;
				CLANG_WARN_RANGE_LOOP_ANALYSIS = YES;
				CLANG_WARN_STRICT_PROTOTYPES = YES;
				CLANG_WARN_SUSPICIOUS_MOVE = YES;
				CLANG_WARN_UNGUARDED_AVAILABILITY = YES_AGGRESSIVE;
				CLANG_WARN_UNREACHABLE_CODE = YES;
				CLANG_WARN__DUPLICATE_METHOD_MATCH = YES;
				COPY_PHASE_STRIP = NO;
				DEBUG_INFORMATION_FORMAT = dwarf;
				ENABLE_STRICT_OBJC_MSGSEND = YES;
				ENABLE_TESTABILITY = YES;
				ENABLE_USER_SCRIPT_SANDBOXING = YES;
				GCC_C_LANGUAGE_STANDARD = gnu17;
				GCC_DYNAMIC_NO_PIC = NO;
				GCC_NO_COMMON_BLOCKS = YES;
				GCC_OPTIMIZATION_LEVEL = 0;
				GCC_PREPROCESSOR_DEFINITIONS = (
					"DEBUG=1",
					"$(inherited)",
				);
				GCC_WARN_64_TO_32_BIT_CONVERSION = YES;
				GCC_WARN_ABOUT_RETURN_TYPE = YES_ERROR;
				GCC_WARN_UNDECLARED_SELECTOR = YES;
				GCC_WARN_UNINITIALIZED_AUTOS = YES_AGGRESSIVE;
				GCC_WARN_UNUSED_FUNCTION = YES;
				GCC_WARN_UNUSED_VARIABLE = YES;
				IPHONEOS_DEPLOYMENT_TARGET = 17.0;
				LOCALIZATION_PREFERS_STRING_CATALOGS = YES;
				MTL_ENABLE_DEBUG_INFO = INCLUDE_SOURCE;
				MTL_FAST_MATH = YES;
				ONLY_ACTIVE_ARCH = YES;
				SDKROOT = iphoneos;
				SWIFT_ACTIVE_COMPILATION_CONDITIONS = "DEBUG $(inherited)";
				SWIFT_OPTIMIZATION_LEVEL = "-Onone";
			};
			name = Debug;
		};
		143C960E2AEEBDAE00284AC5 /* Release */ = {
			isa = XCBuildConfiguration;
			buildSettings = {
				ALWAYS_SEARCH_USER_PATHS = NO;
				ASSETCATALOG_COMPILER_GENERATE_SWIFT_ASSET_SYMBOL_EXTENSIONS = YES;
				CLANG_ANALYZER_NONNULL = YES;
				CLANG_ANALYZER_NUMBER_OBJECT_CONVERSION = YES_AGGRESSIVE;
				CLANG_CXX_LANGUAGE_STANDARD = "gnu++20";
				CLANG_ENABLE_MODULES = YES;
				CLANG_ENABLE_OBJC_ARC = YES;
				CLANG_ENABLE_OBJC_WEAK = YES;
				CLANG_WARN_BLOCK_CAPTURE_AUTORELEASING = YES;
				CLANG_WARN_BOOL_CONVERSION = YES;
				CLANG_WARN_COMMA = YES;
				CLANG_WARN_CONSTANT_CONVERSION = YES;
				CLANG_WARN_DEPRECATED_OBJC_IMPLEMENTATIONS = YES;
				CLANG_WARN_DIRECT_OBJC_ISA_USAGE = YES_ERROR;
				CLANG_WARN_DOCUMENTATION_COMMENTS = YES;
				CLANG_WARN_EMPTY_BODY = YES;
				CLANG_WARN_ENUM_CONVERSION = YES;
				CLANG_WARN_INFINITE_RECURSION = YES;
				CLANG_WARN_INT_CONVERSION = YES;
				CLANG_WARN_NON_LITERAL_NULL_CONVERSION = YES;
				CLANG_WARN_OBJC_IMPLICIT_RETAIN_SELF = YES;
				CLANG_WARN_OBJC_LITERAL_CONVERSION = YES;
				CLANG_WARN_OBJC_ROOT_CLASS = YES_ERROR;
				CLANG_WARN_QUOTED_INCLUDE_IN_FRAMEWORK_HEADER = YES;
				CLANG_WARN_RANGE_LOOP_ANALYSIS = YES;
				CLANG_WARN_STRICT_PROTOTYPES = YES;
				CLANG_WARN_SUSPICIOUS_MOVE = YES;
				CLANG_WARN_UNGUARDED_AVAILABILITY = YES_AGGRESSIVE;
				CLANG_WARN_UNREACHABLE_CODE = YES;
				CLANG_WARN__DUPLICATE_METHOD_MATCH = YES;
				COPY_PHASE_STRIP = NO;
				DEBUG_INFORMATION_FORMAT = "dwarf-with-dsym";
				ENABLE_NS_ASSERTIONS = NO;
				ENABLE_STRICT_OBJC_MSGSEND = YES;
				ENABLE_USER_SCRIPT_SANDBOXING = YES;
				GCC_C_LANGUAGE_STANDARD = gnu17;
				GCC_NO_COMMON_BLOCKS = YES;
				GCC_WARN_64_TO_32_BIT_CONVERSION = YES;
				GCC_WARN_ABOUT_RETURN_TYPE = YES_ERROR;
				GCC_WARN_UNDECLARED_SELECTOR = YES;
				GCC_WARN_UNINITIALIZED_AUTOS = YES_AGGRESSIVE;
				GCC_WARN_UNUSED_FUNCTION = YES;
				GCC_WARN_UNUSED_VARIABLE = YES;
				IPHONEOS_DEPLOYMENT_TARGET = 17.0;
				LOCALIZATION_PREFERS_STRING_CATALOGS = YES;
				MTL_ENABLE_DEBUG_INFO = NO;
				MTL_FAST_MATH = YES;
				SDKROOT = iphoneos;
				SWIFT_COMPILATION_MODE = wholemodule;
				VALIDATE_PRODUCT = YES;
			};
			name = Release;
		};
		143C96102AEEBDAE00284AC5 /* Debug */ = {
			isa = XCBuildConfiguration;
			buildSettings = {
				ASSETCATALOG_COMPILER_APPICON_NAME = AppIcon;
				ASSETCATALOG_COMPILER_GLOBAL_ACCENT_COLOR_NAME = AccentColor;
				CODE_SIGN_STYLE = Automatic;
				CURRENT_PROJECT_VERSION = 1;
				DEVELOPMENT_ASSET_PATHS = "\"testCIcd/Preview Content\"";
				DEVELOPMENT_TEAM = ASR8D44L2N;
				ENABLE_PREVIEWS = YES;
				GENERATE_INFOPLIST_FILE = YES;
				INFOPLIST_KEY_UIApplicationSceneManifest_Generation = YES;
				INFOPLIST_KEY_UIApplicationSupportsIndirectInputEvents = YES;
				INFOPLIST_KEY_UILaunchScreen_Generation = YES;
				INFOPLIST_KEY_UISupportedInterfaceOrientations_iPad = "UIInterfaceOrientationPortrait UIInterfaceOrientationPortraitUpsideDown UIInterfaceOrientationLandscapeLeft UIInterfaceOrientationLandscapeRight";
				INFOPLIST_KEY_UISupportedInterfaceOrientations_iPhone = "UIInterfaceOrientationPortrait UIInterfaceOrientationLandscapeLeft UIInterfaceOrientationLandscapeRight";
				LD_RUNPATH_SEARCH_PATHS = (
					"$(inherited)",
					"@executable_path/Frameworks",
				);
				MARKETING_VERSION = 1.0;
				PRODUCT_BUNDLE_IDENTIFIER = itechInnova.testCIcd;
				PRODUCT_NAME = "$(TARGET_NAME)";
				SWIFT_EMIT_LOC_STRINGS = YES;
				SWIFT_VERSION = 5.0;
				TARGETED_DEVICE_FAMILY = "1,2";
			};
			name = Debug;
		};
		143C96112AEEBDAE00284AC5 /* Release */ = {
			isa = XCBuildConfiguration;
			buildSettings = {
				ASSETCATALOG_COMPILER_APPICON_NAME = AppIcon;
				ASSETCATALOG_COMPILER_GLOBAL_ACCENT_COLOR_NAME = AccentColor;
				CODE_SIGN_STYLE = Automatic;
				CURRENT_PROJECT_VERSION = 1;
				DEVELOPMENT_ASSET_PATHS = "\"testCIcd/Preview Content\"";
				DEVELOPMENT_TEAM = ASR8D44L2N;
				ENABLE_PREVIEWS = YES;
				GENERATE_INFOPLIST_FILE = YES;
				INFOPLIST_KEY_UIApplicationSceneManifest_Generation = YES;
				INFOPLIST_KEY_UIApplicationSupportsIndirectInputEvents = YES;
				INFOPLIST_KEY_UILaunchScreen_Generation = YES;
				INFOPLIST_KEY_UISupportedInterfaceOrientations_iPad = "UIInterfaceOrientationPortrait UIInterfaceOrientationPortraitUpsideDown UIInterfaceOrientationLandscapeLeft UIInterfaceOrientationLandscapeRight";
				INFOPLIST_KEY_UISupportedInterfaceOrientations_iPhone = "UIInterfaceOrientationPortrait UIInterfaceOrientationLandscapeLeft UIInterfaceOrientationLandscapeRight";
				LD_RUNPATH_SEARCH_PATHS = (
					"$(inherited)",
					"@executable_path/Frameworks",
				);
				MARKETING_VERSION = 1.0;
				PRODUCT_BUNDLE_IDENTIFIER = itechInnova.testCIcd;
				PRODUCT_NAME = "$(TARGET_NAME)";
				SWIFT_EMIT_LOC_STRINGS = YES;
				SWIFT_VERSION = 5.0;
				TARGETED_DEVICE_FAMILY = "1,2";
			};
			name = Release;
		};
		143C96292AEEC1BA00284AC5 /* Debug */ = {
			isa = XCBuildConfiguration;
			buildSettings = {
				BUNDLE_LOADER = "$(TEST_HOST)";
				CODE_SIGN_STYLE = Automatic;
				CURRENT_PROJECT_VERSION = 1;
				DEVELOPMENT_TEAM = ASR8D44L2N;
				GENERATE_INFOPLIST_FILE = YES;
				MARKETING_VERSION = 1.0;
				PRODUCT_BUNDLE_IDENTIFIER = itechInnova.testCIcdTests;
				PRODUCT_NAME = "$(TARGET_NAME)";
				SWIFT_EMIT_LOC_STRINGS = NO;
				SWIFT_VERSION = 5.0;
				TARGETED_DEVICE_FAMILY = "1,2";
				TEST_HOST = "$(BUILT_PRODUCTS_DIR)/testCIcd.app/$(BUNDLE_EXECUTABLE_FOLDER_PATH)/testCIcd";
			};
			name = Debug;
		};
		143C962A2AEEC1BA00284AC5 /* Release */ = {
			isa = XCBuildConfiguration;
			buildSettings = {
				BUNDLE_LOADER = "$(TEST_HOST)";
				CODE_SIGN_STYLE = Automatic;
				CURRENT_PROJECT_VERSION = 1;
				DEVELOPMENT_TEAM = ASR8D44L2N;
				GENERATE_INFOPLIST_FILE = YES;
				MARKETING_VERSION = 1.0;
				PRODUCT_BUNDLE_IDENTIFIER = itechInnova.testCIcdTests;
				PRODUCT_NAME = "$(TARGET_NAME)";
				SWIFT_EMIT_LOC_STRINGS = NO;
				SWIFT_VERSION = 5.0;
				TARGETED_DEVICE_FAMILY = "1,2";
				TEST_HOST = "$(BUILT_PRODUCTS_DIR)/testCIcd.app/$(BUNDLE_EXECUTABLE_FOLDER_PATH)/testCIcd";
			};
			name = Release;
		};
/* End XCBuildConfiguration section */

/* Begin XCConfigurationList section */
		143C95FC2AEEBDAD00284AC5 /* Build configuration list for PBXProject "testCIcd" */ = {
			isa = XCConfigurationList;
			buildConfigurations = (
				143C960D2AEEBDAE00284AC5 /* Debug */,
				143C960E2AEEBDAE00284AC5 /* Release */,
			);
			defaultConfigurationIsVisible = 0;
			defaultConfigurationName = Release;
		};
		143C960F2AEEBDAE00284AC5 /* Build configuration list for PBXNativeTarget "testCIcd" */ = {
			isa = XCConfigurationList;
			buildConfigurations = (
				143C96102AEEBDAE00284AC5 /* Debug */,
				143C96112AEEBDAE00284AC5 /* Release */,
			);
			defaultConfigurationIsVisible = 0;
			defaultConfigurationName = Release;
		};
		143C962B2AEEC1BA00284AC5 /* Build configuration list for PBXNativeTarget "testCIcdTests" */ = {
			isa = XCConfigurationList;
			buildConfigurations = (
				143C96292AEEC1BA00284AC5 /* Debug */,
				143C962A2AEEC1BA00284AC5 /* Release */,
			);
			defaultConfigurationIsVisible = 0;
			defaultConfigurationName = Release;
		};
/* End XCConfigurationList section */
	};
	rootObject = 143C95F92AEEBDAD00284AC5 /* Project object */;
}
